
Microsoft Visual Studio Solution File, Format Version 12.00
# Visual Studio 15
Project("{FAE04EC0-301F-11D3-BF4B-00C04F79EFBC}") = "UnityEngine.UI", "UnityEngine.UI.csproj", "{325377FC-67AB-9D5C-1497-D53760714A0B}"
EndProject
Project("{FAE04EC0-301F-11D3-BF4B-00C04F79EFBC}") = "UnityEngine.TestRunner", "UnityEngine.TestRunner.csproj", "{A8B16DE3-F238-D959-61C2-D0C4C0FEA47B}"
EndProject
Project("{FAE04EC0-301F-11D3-BF4B-00C04F79EFBC}") = "Assembly-CSharp", "Assembly-CSharp.csproj", "{CAC73D18-2999-99F7-2FF0-322807A7A3CE}"
EndProject
Project("{FAE04EC0-301F-11D3-BF4B-00C04F79EFBC}") = "Unity.TextMeshPro", "Unity.TextMeshPro.csproj", "{E11ECAB8-4910-69EC-3543-BAFA2641F1E3}"
EndProject
Project("{FAE04EC0-301F-11D3-BF4B-00C04F79EFBC}") = "Unity.Timeline", "Unity.Timeline.csproj", "{0EE2D429-D696-61CE-4D49-F3E76AD5C29C}"
EndProject
Project("{FAE04EC0-301F-11D3-BF4B-00C04F79EFBC}") = "NavMeshComponents", "NavMeshComponents.csproj", "{22A7D91A-0253-B91A-6299-43DB4C82C552}"
EndProject
Project("{FAE04EC0-301F-11D3-BF4B-00C04F79EFBC}") = "UnityEditor.TestRunner", "UnityEditor.TestRunner.csproj", "{B962F6FE-B973-08AF-4181-8A5D78CEA4A1}"
EndProject
Project("{FAE04EC0-301F-11D3-BF4B-00C04F79EFBC}") = "Unity.TextMeshPro.Editor", "Unity.TextMeshPro.Editor.csproj", "{5FE3388A-000B-F8F7-3D2A-1B72B69B1487}"
EndProject
Project("{FAE04EC0-301F-11D3-BF4B-00C04F79EFBC}") = "Unity.Timeline.Editor", "Unity.Timeline.Editor.csproj", "{7A280928-8729-A7B0-C0EE-D1031343A3F5}"
EndProject
Project("{FAE04EC0-301F-11D3-BF4B-00C04F79EFBC}") = "UnityEditor.UI", "UnityEditor.UI.csproj", "{236B99F1-E40E-4D5C-87CC-CFF65503D99A}"
EndProject
Project("{FAE04EC0-301F-11D3-BF4B-00C04F79EFBC}") = "Assembly-CSharp-Editor", "Assembly-CSharp-Editor.csproj", "{707D4BBC-10CE-ABBB-FC6C-C99B4708DDE2}"
EndProject
Project("{FAE04EC0-301F-11D3-BF4B-00C04F79EFBC}") = "Unity.Rider.Editor", "Unity.Rider.Editor.csproj", "{9DEA5D6B-8F7B-2A24-FF5F-B1A8A85A2FA7}"
EndProject
Project("{FAE04EC0-301F-11D3-BF4B-00C04F79EFBC}") = "TextToTMP.Editor", "TextToTMP.Editor.csproj", "{C979AC63-9F2E-B546-C7BC-DB19C6634FEE}"
EndProject
Project("{FAE04EC0-301F-11D3-BF4B-00C04F79EFBC}") = "Unity.CollabProxy.Editor", "Unity.CollabProxy.Editor.csproj", "{4534FFB5-B6A7-B3C5-0904-2584DDAC1910}"
EndProject
Project("{FAE04EC0-301F-11D3-BF4B-00C04F79EFBC}") = "Unity.VSCode.Editor", "Unity.VSCode.Editor.csproj", "{6DFD8B39-6DF3-F45A-3CF6-07EC94F0CFA7}"
EndProject
Project("{FAE04EC0-301F-11D3-BF4B-00C04F79EFBC}") = "Assembly-CSharp.Player", "Assembly-CSharp.Player.csproj", "{6066E543-6188-A440-E372-875A7F02E00F}"
EndProject
Project("{FAE04EC0-301F-11D3-BF4B-00C04F79EFBC}") = "NavMeshComponents.Player", "NavMeshComponents.Player.csproj", "{75773CB8-B7DB-392C-5ADA-32225D20D385}"
EndProject
Global
	GlobalSection(SolutionConfigurationPlatforms) = preSolution
		Debug|Any CPU = Debug|Any CPU
		Release|Any CPU = Release|Any CPU
	EndGlobalSection
	GlobalSection(ProjectConfigurationPlatforms) = postSolution
		{325377FC-67AB-9D5C-1497-D53760714A0B}.Debug|Any CPU.ActiveCfg = Debug|Any CPU
		{325377FC-67AB-9D5C-1497-D53760714A0B}.Debug|Any CPU.Build.0 = Debug|Any CPU
		{325377FC-67AB-9D5C-1497-D53760714A0B}.Release|Any CPU.ActiveCfg = Release|Any CPU
		{325377FC-67AB-9D5C-1497-D53760714A0B}.Release|Any CPU.Build.0 = Release|Any CPU
		{A8B16DE3-F238-D959-61C2-D0C4C0FEA47B}.Debug|Any CPU.ActiveCfg = Debug|Any CPU
		{A8B16DE3-F238-D959-61C2-D0C4C0FEA47B}.Debug|Any CPU.Build.0 = Debug|Any CPU
		{A8B16DE3-F238-D959-61C2-D0C4C0FEA47B}.Release|Any CPU.ActiveCfg = Release|Any CPU
		{A8B16DE3-F238-D959-61C2-D0C4C0FEA47B}.Release|Any CPU.Build.0 = Release|Any CPU
		{CAC73D18-2999-99F7-2FF0-322807A7A3CE}.Debug|Any CPU.ActiveCfg = Debug|Any CPU
		{CAC73D18-2999-99F7-2FF0-322807A7A3CE}.Debug|Any CPU.Build.0 = Debug|Any CPU
		{CAC73D18-2999-99F7-2FF0-322807A7A3CE}.Release|Any CPU.ActiveCfg = Release|Any CPU
		{CAC73D18-2999-99F7-2FF0-322807A7A3CE}.Release|Any CPU.Build.0 = Release|Any CPU
		{E11ECAB8-4910-69EC-3543-BAFA2641F1E3}.Debug|Any CPU.ActiveCfg = Debug|Any CPU
		{E11ECAB8-4910-69EC-3543-BAFA2641F1E3}.Debug|Any CPU.Build.0 = Debug|Any CPU
		{E11ECAB8-4910-69EC-3543-BAFA2641F1E3}.Release|Any CPU.ActiveCfg = Release|Any CPU
		{E11ECAB8-4910-69EC-3543-BAFA2641F1E3}.Release|Any CPU.Build.0 = Release|Any CPU
		{0EE2D429-D696-61CE-4D49-F3E76AD5C29C}.Debug|Any CPU.ActiveCfg = Debug|Any CPU
		{0EE2D429-D696-61CE-4D49-F3E76AD5C29C}.Debug|Any CPU.Build.0 = Debug|Any CPU
		{0EE2D429-D696-61CE-4D49-F3E76AD5C29C}.Release|Any CPU.ActiveCfg = Release|Any CPU
		{0EE2D429-D696-61CE-4D49-F3E76AD5C29C}.Release|Any CPU.Build.0 = Release|Any CPU
		{22A7D91A-0253-B91A-6299-43DB4C82C552}.Debug|Any CPU.ActiveCfg = Debug|Any CPU
		{22A7D91A-0253-B91A-6299-43DB4C82C552}.Debug|Any CPU.Build.0 = Debug|Any CPU
		{22A7D91A-0253-B91A-6299-43DB4C82C552}.Release|Any CPU.ActiveCfg = Release|Any CPU
		{22A7D91A-0253-B91A-6299-43DB4C82C552}.Release|Any CPU.Build.0 = Release|Any CPU
		{B962F6FE-B973-08AF-4181-8A5D78CEA4A1}.Debug|Any CPU.ActiveCfg = Debug|Any CPU
		{B962F6FE-B973-08AF-4181-8A5D78CEA4A1}.Debug|Any CPU.Build.0 = Debug|Any CPU
		{B962F6FE-B973-08AF-4181-8A5D78CEA4A1}.Release|Any CPU.ActiveCfg = Release|Any CPU
		{B962F6FE-B973-08AF-4181-8A5D78CEA4A1}.Release|Any CPU.Build.0 = Release|Any CPU
		{5FE3388A-000B-F8F7-3D2A-1B72B69B1487}.Debug|Any CPU.ActiveCfg = Debug|Any CPU
		{5FE3388A-000B-F8F7-3D2A-1B72B69B1487}.Debug|Any CPU.Build.0 = Debug|Any CPU
		{5FE3388A-000B-F8F7-3D2A-1B72B69B1487}.Release|Any CPU.ActiveCfg = Release|Any CPU
		{5FE3388A-000B-F8F7-3D2A-1B72B69B1487}.Release|Any CPU.Build.0 = Release|Any CPU
		{7A280928-8729-A7B0-C0EE-D1031343A3F5}.Debug|Any CPU.ActiveCfg = Debug|Any CPU
		{7A280928-8729-A7B0-C0EE-D1031343A3F5}.Debug|Any CPU.Build.0 = Debug|Any CPU
		{7A280928-8729-A7B0-C0EE-D1031343A3F5}.Release|Any CPU.ActiveCfg = Release|Any CPU
		{7A280928-8729-A7B0-C0EE-D1031343A3F5}.Release|Any CPU.Build.0 = Release|Any CPU
		{236B99F1-E40E-4D5C-87CC-CFF65503D99A}.Debug|Any CPU.ActiveCfg = Debug|Any CPU
		{236B99F1-E40E-4D5C-87CC-CFF65503D99A}.Debug|Any CPU.Build.0 = Debug|Any CPU
		{236B99F1-E40E-4D5C-87CC-CFF65503D99A}.Release|Any CPU.ActiveCfg = Release|Any CPU
		{236B99F1-E40E-4D5C-87CC-CFF65503D99A}.Release|Any CPU.Build.0 = Release|Any CPU
		{707D4BBC-10CE-ABBB-FC6C-C99B4708DDE2}.Debug|Any CPU.ActiveCfg = Debug|Any CPU
		{707D4BBC-10CE-ABBB-FC6C-C99B4708DDE2}.Debug|Any CPU.Build.0 = Debug|Any CPU
		{707D4BBC-10CE-ABBB-FC6C-C99B4708DDE2}.Release|Any CPU.ActiveCfg = Release|Any CPU
		{707D4BBC-10CE-ABBB-FC6C-C99B4708DDE2}.Release|Any CPU.Build.0 = Release|Any CPU
		{9DEA5D6B-8F7B-2A24-FF5F-B1A8A85A2FA7}.Debug|Any CPU.ActiveCfg = Debug|Any CPU
		{9DEA5D6B-8F7B-2A24-FF5F-B1A8A85A2FA7}.Debug|Any CPU.Build.0 = Debug|Any CPU
		{9DEA5D6B-8F7B-2A24-FF5F-B1A8A85A2FA7}.Release|Any CPU.ActiveCfg = Release|Any CPU
		{9DEA5D6B-8F7B-2A24-FF5F-B1A8A85A2FA7}.Release|Any CPU.Build.0 = Release|Any CPU
		{C979AC63-9F2E-B546-C7BC-DB19C6634FEE}.Debug|Any CPU.ActiveCfg = Debug|Any CPU
		{C979AC63-9F2E-B546-C7BC-DB19C6634FEE}.Debug|Any CPU.Build.0 = Debug|Any CPU
		{C979AC63-9F2E-B546-C7BC-DB19C6634FEE}.Release|Any CPU.ActiveCfg = Release|Any CPU
		{C979AC63-9F2E-B546-C7BC-DB19C6634FEE}.Release|Any CPU.Build.0 = Release|Any CPU
		{4534FFB5-B6A7-B3C5-0904-2584DDAC1910}.Debug|Any CPU.ActiveCfg = Debug|Any CPU
		{4534FFB5-B6A7-B3C5-0904-2584DDAC1910}.Debug|Any CPU.Build.0 = Debug|Any CPU
		{4534FFB5-B6A7-B3C5-0904-2584DDAC1910}.Release|Any CPU.ActiveCfg = Release|Any CPU
		{4534FFB5-B6A7-B3C5-0904-2584DDAC1910}.Release|Any CPU.Build.0 = Release|Any CPU
		{6DFD8B39-6DF3-F45A-3CF6-07EC94F0CFA7}.Debug|Any CPU.ActiveCfg = Debug|Any CPU
		{6DFD8B39-6DF3-F45A-3CF6-07EC94F0CFA7}.Debug|Any CPU.Build.0 = Debug|Any CPU
		{6DFD8B39-6DF3-F45A-3CF6-07EC94F0CFA7}.Release|Any CPU.ActiveCfg = Release|Any CPU
		{6DFD8B39-6DF3-F45A-3CF6-07EC94F0CFA7}.Release|Any CPU.Build.0 = Release|Any CPU
		{6066E543-6188-A440-E372-875A7F02E00F}.Debug|Any CPU.ActiveCfg = Debug|Any CPU
		{6066E543-6188-A440-E372-875A7F02E00F}.Debug|Any CPU.Build.0 = Debug|Any CPU
		{6066E543-6188-A440-E372-875A7F02E00F}.Release|Any CPU.ActiveCfg = Release|Any CPU
		{6066E543-6188-A440-E372-875A7F02E00F}.Release|Any CPU.Build.0 = Release|Any CPU
		{75773CB8-B7DB-392C-5ADA-32225D20D385}.Debug|Any CPU.ActiveCfg = Debug|Any CPU
		{75773CB8-B7DB-392C-5ADA-32225D20D385}.Debug|Any CPU.Build.0 = Debug|Any CPU
		{75773CB8-B7DB-392C-5ADA-32225D20D385}.Release|Any CPU.ActiveCfg = Release|Any CPU
		{75773CB8-B7DB-392C-5ADA-32225D20D385}.Release|Any CPU.Build.0 = Release|Any CPU
	EndGlobalSection
	GlobalSection(SolutionProperties) = preSolution
		HideSolutionNode = FALSE
	EndGlobalSection
EndGlobal
